
Microsoft Visual Studio Solution File, Format Version 12.00
# Visual Studio Version 17
VisualStudioVersion = 17.8.34525.116
MinimumVisualStudioVersion = 10.0.40219.1
Project("{FAE04EC0-301F-11D3-BF4B-00C04F79EFBC}") = "VRT_Interface", "VRT_Interface.csproj", "{30D19900-072B-47B6-A2F0-CA83A7BDEDE4}"
EndProject
Global
	GlobalSection(SolutionConfigurationPlatforms) = preSolution
		Debug|Any CPU = Debug|Any CPU
		Release|Any CPU = Release|Any CPU
	EndGlobalSection
	GlobalSection(ProjectConfigurationPlatforms) = postSolution
		{30D19900-072B-47B6-A2F0-CA83A7BDEDE4}.Debug|Any CPU.ActiveCfg = Debug|Any CPU
		{30D19900-072B-47B6-A2F0-CA83A7BDEDE4}.Debug|Any CPU.Build.0 = Debug|Any CPU
		{30D19900-072B-47B6-A2F0-CA83A7BDEDE4}.Release|Any CPU.ActiveCfg = Release|Any CPU
		{30D19900-072B-47B6-A2F0-CA83A7BDEDE4}.Release|Any CPU.Build.0 = Release|Any CPU
	EndGlobalSection
	GlobalSection(SolutionProperties) = preSolution
		HideSolutionNode = FALSE
	EndGlobalSection
	GlobalSection(ExtensibilityGlobals) = postSolution
		SolutionGuid = {C1194ED4-C885-4B54-A674-6D27D75DA50A}
	EndGlobalSection
EndGlobal
